
Microsoft Visual Studio Solution File, Format Version 12.00
# Visual Studio Version 17
VisualStudioVersion = 17.13.35931.197
MinimumVisualStudioVersion = 10.0.40219.1
Project("{FAE04EC0-301F-11D3-BF4B-00C04F79EFBC}") = "RWAEShop", "RWAEShop\RWAEShop.csproj", "{DAA3BFD5-B2B6-4B8E-941F-378E3869F334}"
EndProject
Project("{FAE04EC0-301F-11D3-BF4B-00C04F79EFBC}") = "RWAEshopDAL", "RWAEshopDAL\RWAEshopDAL.csproj", "{BAA97166-5F56-4EA9-8402-3CDCF2616403}"
EndProject
Project("{FAE04EC0-301F-11D3-BF4B-00C04F79EFBC}") = "RWAEShopMVC", "RWAEShopMVC\RWAEShopMVC.csproj", "{E75D859C-FF51-48C8-B077-408976AD4C90}"
EndProject
Global
	GlobalSection(SolutionConfigurationPlatforms) = preSolution
		Debug|Any CPU = Debug|Any CPU
		Release|Any CPU = Release|Any CPU
	EndGlobalSection
	GlobalSection(ProjectConfigurationPlatforms) = postSolution
		{DAA3BFD5-B2B6-4B8E-941F-378E3869F334}.Debug|Any CPU.ActiveCfg = Debug|Any CPU
		{DAA3BFD5-B2B6-4B8E-941F-378E3869F334}.Debug|Any CPU.Build.0 = Debug|Any CPU
		{DAA3BFD5-B2B6-4B8E-941F-378E3869F334}.Release|Any CPU.ActiveCfg = Release|Any CPU
		{DAA3BFD5-B2B6-4B8E-941F-378E3869F334}.Release|Any CPU.Build.0 = Release|Any CPU
		{BAA97166-5F56-4EA9-8402-3CDCF2616403}.Debug|Any CPU.ActiveCfg = Debug|Any CPU
		{BAA97166-5F56-4EA9-8402-3CDCF2616403}.Debug|Any CPU.Build.0 = Debug|Any CPU
		{BAA97166-5F56-4EA9-8402-3CDCF2616403}.Release|Any CPU.ActiveCfg = Release|Any CPU
		{BAA97166-5F56-4EA9-8402-3CDCF2616403}.Release|Any CPU.Build.0 = Release|Any CPU
		{E75D859C-FF51-48C8-B077-408976AD4C90}.Debug|Any CPU.ActiveCfg = Debug|Any CPU
		{E75D859C-FF51-48C8-B077-408976AD4C90}.Debug|Any CPU.Build.0 = Debug|Any CPU
		{E75D859C-FF51-48C8-B077-408976AD4C90}.Release|Any CPU.ActiveCfg = Release|Any CPU
		{E75D859C-FF51-48C8-B077-408976AD4C90}.Release|Any CPU.Build.0 = Release|Any CPU
	EndGlobalSection
	GlobalSection(SolutionProperties) = preSolution
		HideSolutionNode = FALSE
	EndGlobalSection
	GlobalSection(ExtensibilityGlobals) = postSolution
		SolutionGuid = {F079E834-8A60-4821-A1C8-EA26B16ACE91}
	EndGlobalSection
EndGlobal
